
Microsoft Visual Studio Solution File, Format Version 12.00
# Visual Studio Version 17
VisualStudioVersion = 17.8.34525.116
MinimumVisualStudioVersion = 10.0.40219.1
Project("{FAE04EC0-301F-11D3-BF4B-00C04F79EFBC}") = "QLSV-SE06201", "QLSV-SE06201\QLSV-SE06201.csproj", "{33F2B42E-CE6D-4F2B-AB96-51CEAC6AEBA6}"
EndProject
Global
	GlobalSection(SolutionConfigurationPlatforms) = preSolution
		Debug|Any CPU = Debug|Any CPU
		Release|Any CPU = Release|Any CPU
	EndGlobalSection
	GlobalSection(ProjectConfigurationPlatforms) = postSolution
		{33F2B42E-CE6D-4F2B-AB96-51CEAC6AEBA6}.Debug|Any CPU.ActiveCfg = Debug|Any CPU
		{33F2B42E-CE6D-4F2B-AB96-51CEAC6AEBA6}.Debug|Any CPU.Build.0 = Debug|Any CPU
		{33F2B42E-CE6D-4F2B-AB96-51CEAC6AEBA6}.Release|Any CPU.ActiveCfg = Release|Any CPU
		{33F2B42E-CE6D-4F2B-AB96-51CEAC6AEBA6}.Release|Any CPU.Build.0 = Release|Any CPU
	EndGlobalSection
	GlobalSection(SolutionProperties) = preSolution
		HideSolutionNode = FALSE
	EndGlobalSection
	GlobalSection(ExtensibilityGlobals) = postSolution
		SolutionGuid = {5BE2CBC3-DA92-4358-B71E-CB8D5E2FC607}
	EndGlobalSection
EndGlobal
