
Microsoft Visual Studio Solution File, Format Version 12.00
# Visual Studio Version 17
VisualStudioVersion = 17.8.34525.116
MinimumVisualStudioVersion = 10.0.40219.1
Project("{FAE04EC0-301F-11D3-BF4B-00C04F79EFBC}") = "QLSV-SE06201", "QLSV-SE06201\QLSV-SE06201.csproj", "{D759F549-70F2-40A9-AFC0-15362D257632}"
EndProject
Global
	GlobalSection(SolutionConfigurationPlatforms) = preSolution
		Debug|Any CPU = Debug|Any CPU
		Release|Any CPU = Release|Any CPU
	EndGlobalSection
	GlobalSection(ProjectConfigurationPlatforms) = postSolution
		{D759F549-70F2-40A9-AFC0-15362D257632}.Debug|Any CPU.ActiveCfg = Debug|Any CPU
		{D759F549-70F2-40A9-AFC0-15362D257632}.Debug|Any CPU.Build.0 = Debug|Any CPU
		{D759F549-70F2-40A9-AFC0-15362D257632}.Release|Any CPU.ActiveCfg = Release|Any CPU
		{D759F549-70F2-40A9-AFC0-15362D257632}.Release|Any CPU.Build.0 = Release|Any CPU
	EndGlobalSection
	GlobalSection(SolutionProperties) = preSolution
		HideSolutionNode = FALSE
	EndGlobalSection
	GlobalSection(ExtensibilityGlobals) = postSolution
		SolutionGuid = {F09E6B04-5ED6-4A11-9B09-3C7361592DB2}
	EndGlobalSection
EndGlobal
